
Microsoft Visual Studio Solution File, Format Version 12.00
# Visual Studio Version 16
VisualStudioVersion = 16.0.33927.289
MinimumVisualStudioVersion = 10.0.40219.1
Project("{2150E333-8FDC-42A3-9474-1A3956D46DE8}") = "Task0", "Task0", "{7105715B-D0CF-4E56-B21A-63F3F1AE2B07}"
EndProject
Project("{FAE04EC0-301F-11D3-BF4B-00C04F79EFBC}") = "Tyuiu.ChurinDV.Sprint4.Task0.V19", "Tyuiu.ChurinDV.Sprint4.Task0.V19\Tyuiu.ChurinDV.Sprint4.Task0.V19.csproj", "{EAA262B2-0F20-47AE-AB5E-4F77492F9AD3}"
EndProject
Project("{FAE04EC0-301F-11D3-BF4B-00C04F79EFBC}") = "Tyuiu.ChurinDV.Sprint4.Task0.V19.Lib", "Tyuiu.ChurinDV.Sprint4.Task0.V19.Lib\Tyuiu.ChurinDV.Sprint4.Task0.V19.Lib.csproj", "{469D283F-B208-440B-B867-B28E79052259}"
EndProject
Project("{FAE04EC0-301F-11D3-BF4B-00C04F79EFBC}") = "Tyuiu.ChurinDV.Sprint4.Task0.V19.Test", "Tyuiu.ChurinDV.Sprint4.Task0.V19.Test\Tyuiu.ChurinDV.Sprint4.Task0.V19.Test.csproj", "{79871B7E-C60A-4D47-A392-A7FB0D5F41BB}"
EndProject
Project("{2150E333-8FDC-42A3-9474-1A3956D46DE8}") = "Task1", "Task1", "{C1C51160-1587-44E1-8735-0AA676F59659}"
EndProject
Project("{FAE04EC0-301F-11D3-BF4B-00C04F79EFBC}") = "Tyuiu.ChurinDV.Sprint4.Task1.V22", "Tyuiu.ChurinDV.Sprint4.Task1.V22\Tyuiu.ChurinDV.Sprint4.Task1.V22.csproj", "{7B5D8E93-419D-4EFF-85FF-269683A91AF5}"
EndProject
Project("{FAE04EC0-301F-11D3-BF4B-00C04F79EFBC}") = "Tyuiu.ChurinDV.Sprint4.Task1.V22.Lib", "Tyuiu.ChurinDV.Sprint4.Task1.V22.Lib\Tyuiu.ChurinDV.Sprint4.Task1.V22.Lib.csproj", "{143BC272-3F67-4E62-9B8B-D1D519D7A5DA}"
EndProject
Project("{FAE04EC0-301F-11D3-BF4B-00C04F79EFBC}") = "Tyuiu.ChurinDV.Sprint4.Task1.V22.Test", "Tyuiu.ChurinDV.Sprint4.Task1.V22.Test\Tyuiu.ChurinDV.Sprint4.Task1.V22.Test.csproj", "{BA700F7C-D00F-4DDB-8E10-053047C8A0C2}"
EndProject
Project("{2150E333-8FDC-42A3-9474-1A3956D46DE8}") = "Task2", "Task2", "{1375C830-2D01-4C29-B248-036DED23ABF4}"
EndProject
Project("{FAE04EC0-301F-11D3-BF4B-00C04F79EFBC}") = "Tyuiu.ChurinDV.Sprint4.Task2.V14", "Tyuiu.ChurinDV.Sprint4.Task2.V14\Tyuiu.ChurinDV.Sprint4.Task2.V14.csproj", "{7AA3182A-D6E6-43FD-ACD1-39C843EA5166}"
EndProject
Project("{FAE04EC0-301F-11D3-BF4B-00C04F79EFBC}") = "Tyuiu.ChurinDV.Sprint4.Task2.V14.Lib", "Tyuiu.ChurinDV.Sprint4.Task2.V14.Lib\Tyuiu.ChurinDV.Sprint4.Task2.V14.Lib.csproj", "{7DD9C863-D1B4-46B4-9124-D9AB43B60E9D}"
EndProject
Project("{FAE04EC0-301F-11D3-BF4B-00C04F79EFBC}") = "Tyuiu.ChurinDV.Sprint4.Task2.V14.Test", "Tyuiu.ChurinDV.Sprint4.Task2.V14.Test\Tyuiu.ChurinDV.Sprint4.Task2.V14.Test.csproj", "{66D46A04-358B-4846-89D4-BCA8F03C9DC4}"
EndProject
Project("{2150E333-8FDC-42A3-9474-1A3956D46DE8}") = "Task3", "Task3", "{CCEA06CA-882A-473A-928F-8F9C6A80CA3D}"
EndProject
Project("{FAE04EC0-301F-11D3-BF4B-00C04F79EFBC}") = "Tyuiu.ChurinDV.Sprint4.Task3.V25", "Tyuiu.ChurinDV.Sprint4.Task3.V25\Tyuiu.ChurinDV.Sprint4.Task3.V25.csproj", "{46C183B2-79E3-494B-A4C9-1FFCB5B035A7}"
EndProject
Project("{FAE04EC0-301F-11D3-BF4B-00C04F79EFBC}") = "Tyuiu.ChurinDV.Sprint4.Task3.V25.Lib", "Tyuiu.ChurinDV.Sprint4.Task3.V25.Lib\Tyuiu.ChurinDV.Sprint4.Task3.V25.Lib.csproj", "{94851DE2-F257-4375-AF20-16F8A2BF34F2}"
EndProject
Project("{FAE04EC0-301F-11D3-BF4B-00C04F79EFBC}") = "Tyuiu.ChurinDV.Sprint4.Task3.V25.Test", "Tyuiu.ChurinDV.Sprint4.Task3.V25.Test\Tyuiu.ChurinDV.Sprint4.Task3.V25.Test.csproj", "{DAE388B9-E195-4205-B95C-CCED56AE3876}"
EndProject
Global
	GlobalSection(SolutionConfigurationPlatforms) = preSolution
		Debug|Any CPU = Debug|Any CPU
		Release|Any CPU = Release|Any CPU
	EndGlobalSection
	GlobalSection(ProjectConfigurationPlatforms) = postSolution
		{EAA262B2-0F20-47AE-AB5E-4F77492F9AD3}.Debug|Any CPU.ActiveCfg = Debug|Any CPU
		{EAA262B2-0F20-47AE-AB5E-4F77492F9AD3}.Debug|Any CPU.Build.0 = Debug|Any CPU
		{EAA262B2-0F20-47AE-AB5E-4F77492F9AD3}.Release|Any CPU.ActiveCfg = Release|Any CPU
		{EAA262B2-0F20-47AE-AB5E-4F77492F9AD3}.Release|Any CPU.Build.0 = Release|Any CPU
		{469D283F-B208-440B-B867-B28E79052259}.Debug|Any CPU.ActiveCfg = Debug|Any CPU
		{469D283F-B208-440B-B867-B28E79052259}.Debug|Any CPU.Build.0 = Debug|Any CPU
		{469D283F-B208-440B-B867-B28E79052259}.Release|Any CPU.ActiveCfg = Release|Any CPU
		{469D283F-B208-440B-B867-B28E79052259}.Release|Any CPU.Build.0 = Release|Any CPU
		{79871B7E-C60A-4D47-A392-A7FB0D5F41BB}.Debug|Any CPU.ActiveCfg = Debug|Any CPU
		{79871B7E-C60A-4D47-A392-A7FB0D5F41BB}.Debug|Any CPU.Build.0 = Debug|Any CPU
		{79871B7E-C60A-4D47-A392-A7FB0D5F41BB}.Release|Any CPU.ActiveCfg = Release|Any CPU
		{79871B7E-C60A-4D47-A392-A7FB0D5F41BB}.Release|Any CPU.Build.0 = Release|Any CPU
		{7B5D8E93-419D-4EFF-85FF-269683A91AF5}.Debug|Any CPU.ActiveCfg = Debug|Any CPU
		{7B5D8E93-419D-4EFF-85FF-269683A91AF5}.Debug|Any CPU.Build.0 = Debug|Any CPU
		{7B5D8E93-419D-4EFF-85FF-269683A91AF5}.Release|Any CPU.ActiveCfg = Release|Any CPU
		{7B5D8E93-419D-4EFF-85FF-269683A91AF5}.Release|Any CPU.Build.0 = Release|Any CPU
		{143BC272-3F67-4E62-9B8B-D1D519D7A5DA}.Debug|Any CPU.ActiveCfg = Debug|Any CPU
		{143BC272-3F67-4E62-9B8B-D1D519D7A5DA}.Debug|Any CPU.Build.0 = Debug|Any CPU
		{143BC272-3F67-4E62-9B8B-D1D519D7A5DA}.Release|Any CPU.ActiveCfg = Release|Any CPU
		{143BC272-3F67-4E62-9B8B-D1D519D7A5DA}.Release|Any CPU.Build.0 = Release|Any CPU
		{BA700F7C-D00F-4DDB-8E10-053047C8A0C2}.Debug|Any CPU.ActiveCfg = Debug|Any CPU
		{BA700F7C-D00F-4DDB-8E10-053047C8A0C2}.Debug|Any CPU.Build.0 = Debug|Any CPU
		{BA700F7C-D00F-4DDB-8E10-053047C8A0C2}.Release|Any CPU.ActiveCfg = Release|Any CPU
		{BA700F7C-D00F-4DDB-8E10-053047C8A0C2}.Release|Any CPU.Build.0 = Release|Any CPU
		{7AA3182A-D6E6-43FD-ACD1-39C843EA5166}.Debug|Any CPU.ActiveCfg = Debug|Any CPU
		{7AA3182A-D6E6-43FD-ACD1-39C843EA5166}.Debug|Any CPU.Build.0 = Debug|Any CPU
		{7AA3182A-D6E6-43FD-ACD1-39C843EA5166}.Release|Any CPU.ActiveCfg = Release|Any CPU
		{7AA3182A-D6E6-43FD-ACD1-39C843EA5166}.Release|Any CPU.Build.0 = Release|Any CPU
		{7DD9C863-D1B4-46B4-9124-D9AB43B60E9D}.Debug|Any CPU.ActiveCfg = Debug|Any CPU
		{7DD9C863-D1B4-46B4-9124-D9AB43B60E9D}.Debug|Any CPU.Build.0 = Debug|Any CPU
		{7DD9C863-D1B4-46B4-9124-D9AB43B60E9D}.Release|Any CPU.ActiveCfg = Release|Any CPU
		{7DD9C863-D1B4-46B4-9124-D9AB43B60E9D}.Release|Any CPU.Build.0 = Release|Any CPU
		{66D46A04-358B-4846-89D4-BCA8F03C9DC4}.Debug|Any CPU.ActiveCfg = Debug|Any CPU
		{66D46A04-358B-4846-89D4-BCA8F03C9DC4}.Debug|Any CPU.Build.0 = Debug|Any CPU
		{66D46A04-358B-4846-89D4-BCA8F03C9DC4}.Release|Any CPU.ActiveCfg = Release|Any CPU
		{66D46A04-358B-4846-89D4-BCA8F03C9DC4}.Release|Any CPU.Build.0 = Release|Any CPU
		{46C183B2-79E3-494B-A4C9-1FFCB5B035A7}.Debug|Any CPU.ActiveCfg = Debug|Any CPU
		{46C183B2-79E3-494B-A4C9-1FFCB5B035A7}.Debug|Any CPU.Build.0 = Debug|Any CPU
		{46C183B2-79E3-494B-A4C9-1FFCB5B035A7}.Release|Any CPU.ActiveCfg = Release|Any CPU
		{46C183B2-79E3-494B-A4C9-1FFCB5B035A7}.Release|Any CPU.Build.0 = Release|Any CPU
		{94851DE2-F257-4375-AF20-16F8A2BF34F2}.Debug|Any CPU.ActiveCfg = Debug|Any CPU
		{94851DE2-F257-4375-AF20-16F8A2BF34F2}.Debug|Any CPU.Build.0 = Debug|Any CPU
		{94851DE2-F257-4375-AF20-16F8A2BF34F2}.Release|Any CPU.ActiveCfg = Release|Any CPU
		{94851DE2-F257-4375-AF20-16F8A2BF34F2}.Release|Any CPU.Build.0 = Release|Any CPU
		{DAE388B9-E195-4205-B95C-CCED56AE3876}.Debug|Any CPU.ActiveCfg = Debug|Any CPU
		{DAE388B9-E195-4205-B95C-CCED56AE3876}.Debug|Any CPU.Build.0 = Debug|Any CPU
		{DAE388B9-E195-4205-B95C-CCED56AE3876}.Release|Any CPU.ActiveCfg = Release|Any CPU
		{DAE388B9-E195-4205-B95C-CCED56AE3876}.Release|Any CPU.Build.0 = Release|Any CPU
	EndGlobalSection
	GlobalSection(SolutionProperties) = preSolution
		HideSolutionNode = FALSE
	EndGlobalSection
	GlobalSection(NestedProjects) = preSolution
		{EAA262B2-0F20-47AE-AB5E-4F77492F9AD3} = {7105715B-D0CF-4E56-B21A-63F3F1AE2B07}
		{469D283F-B208-440B-B867-B28E79052259} = {7105715B-D0CF-4E56-B21A-63F3F1AE2B07}
		{79871B7E-C60A-4D47-A392-A7FB0D5F41BB} = {7105715B-D0CF-4E56-B21A-63F3F1AE2B07}
		{7B5D8E93-419D-4EFF-85FF-269683A91AF5} = {C1C51160-1587-44E1-8735-0AA676F59659}
		{143BC272-3F67-4E62-9B8B-D1D519D7A5DA} = {C1C51160-1587-44E1-8735-0AA676F59659}
		{BA700F7C-D00F-4DDB-8E10-053047C8A0C2} = {C1C51160-1587-44E1-8735-0AA676F59659}
		{7AA3182A-D6E6-43FD-ACD1-39C843EA5166} = {1375C830-2D01-4C29-B248-036DED23ABF4}
		{7DD9C863-D1B4-46B4-9124-D9AB43B60E9D} = {1375C830-2D01-4C29-B248-036DED23ABF4}
		{66D46A04-358B-4846-89D4-BCA8F03C9DC4} = {1375C830-2D01-4C29-B248-036DED23ABF4}
		{46C183B2-79E3-494B-A4C9-1FFCB5B035A7} = {CCEA06CA-882A-473A-928F-8F9C6A80CA3D}
		{94851DE2-F257-4375-AF20-16F8A2BF34F2} = {CCEA06CA-882A-473A-928F-8F9C6A80CA3D}
		{DAE388B9-E195-4205-B95C-CCED56AE3876} = {CCEA06CA-882A-473A-928F-8F9C6A80CA3D}
	EndGlobalSection
	GlobalSection(ExtensibilityGlobals) = postSolution
		SolutionGuid = {93513CA1-9168-4276-A7F0-06A6EDD02E96}
	EndGlobalSection
EndGlobal
